{
  "name": "bg-tree-view-toolbar",
  "version": "0.0.0",
  "lockfileVersion": 1,
  "requires": true,
  "dependencies": {
    "bg-atom-redom-ui": {
      "version": "file:../bg-atom-redom-ui",
      "requires": {
        "lodash.clone": "^4.5.0",
        "lodash.clonedeep": "^4.5.0",
        "redom": "^3.24.2"
      },
      "dependencies": {
        "lodash.clone": {
          "version": "4.5.0",
          "bundled": true
        },
        "lodash.clonedeep": {
          "version": "4.5.0",
          "bundled": true
        },
        "redom": {
          "version": "3.25.1",
          "bundled": true
        }
      }
    },
    "bg-atom-utils": {
      "version": "file:../bg-atom-utils",
      "requires": {
        "esm": "^3.2.25",
        "redom": "^3.24.2"
      },
      "dependencies": {
        "esm": {
          "version": "3.2.25",
          "bundled": true
        },
        "redom": {
          "version": "3.24.2",
          "bundled": true
        }
      }
    },
    "esm": {
      "version": "3.2.25",
      "resolved": "https://registry.npmjs.org/esm/-/esm-3.2.25.tgz",
      "integrity": "sha512-U1suiZ2oDVWv4zPO56S0NcR5QriEahGtdN2OR6FiOG4WJvcjBVFB0qI4+eKoWFH483PKGuLuu6V8Z4T5g63UVA=="
    },
    "redom": {
      "version": "3.25.1",
      "resolved": "https://registry.npmjs.org/redom/-/redom-3.25.1.tgz",
      "integrity": "sha512-NSomVzF6XUlZA2hlRnHUe9OQPCrZKMM4hP+L6o917HdR8e2w5iB6dI/gXwP2jlIdjMjMiq/PaPKUiwGIdi3RJw=="
    }
  }
}
