{
  "name": "bg-tree-view-toolbar",
  "version": "2.1.1",
  "lockfileVersion": 1,
  "requires": true,
  "dependencies": {
    "bg-atom-utils": {
      "version": "2.3.0",
      "resolved": "https://registry.npmjs.org/bg-atom-utils/-/bg-atom-utils-2.3.0.tgz",
      "integrity": "sha512-bps2pByOo7QPP9qh9kZ6awD3QhtDKeOyaCqlaOjXhVUwo+VB7KmlDO7ORH55+impJum3/8MIIANKVLIKgMiNFg==",
      "requires": {
        "bg-dom": "^2.3.7",
        "dedent": "^0.7.0",
        "esm": "^3.2.25"
      }
    },
    "bg-dom": {
      "version": "2.4.2",
      "resolved": "https://registry.npmjs.org/bg-dom/-/bg-dom-2.4.2.tgz",
      "integrity": "sha512-pT43eaqRHmXjFm8T22zcLzRMvRNl3pYo80VB9Vk6x5NNp3SyH0YMQvThIoesP74Iqi+XLYQHyz1laBkC39eHeg==",
      "requires": {
        "esm": "^3.2.25",
        "json5": "^2.1.3",
        "node-version-compare": "^1.0.3",
        "redom": "^3.24.2"
      }
    },
    "dedent": {
      "version": "0.7.0",
      "resolved": "https://registry.npmjs.org/dedent/-/dedent-0.7.0.tgz",
      "integrity": "sha1-JJXduvbrh0q7Dhvp3yLS5aVEMmw="
    },
    "esm": {
      "version": "3.2.25",
      "resolved": "https://registry.npmjs.org/esm/-/esm-3.2.25.tgz",
      "integrity": "sha512-U1suiZ2oDVWv4zPO56S0NcR5QriEahGtdN2OR6FiOG4WJvcjBVFB0qI4+eKoWFH483PKGuLuu6V8Z4T5g63UVA=="
    },
    "json5": {
      "version": "2.2.3",
      "resolved": "https://registry.npmjs.org/json5/-/json5-2.2.3.tgz",
      "integrity": "sha512-XmOWe7eyHYH14cLdVPoyg+GOH3rYX++KpzrylJwSW98t3Nk+U8XOl8FWKOgwtzdb8lXGf6zYwDUzeHMWfxasyg=="
    },
    "node-version-compare": {
      "version": "1.0.3",
      "resolved": "https://registry.npmjs.org/node-version-compare/-/node-version-compare-1.0.3.tgz",
      "integrity": "sha512-unO5GpBAh5YqeGULMLpmDT94oanSDMwtZB8KHTKCH/qrGv8bHN0mlDj9xQDAicCYXv2OLnzdi67lidCrcVotVw=="
    },
    "redom": {
      "version": "3.27.1",
      "resolved": "https://registry.npmjs.org/redom/-/redom-3.27.1.tgz",
      "integrity": "sha512-hq3/nnY3GyanNvEx5xLopg+HMIZHEQrFuNiUwTQqsOv53tVPYX6Rei8o5hCALGZtUlMWYRiJ/gd4pZCvgGyGig=="
    }
  }
}
